{
  "name": "audio-sync-with-text",
  "version": "1.0.0",
  "lockfileVersion": 1,
  "requires": true,
  "dependencies": {
    "vtt-json": {
      "version": "1.0.1",
      "resolved": "https://registry.npmjs.org/vtt-json/-/vtt-json-1.0.1.tgz",
      "integrity": "sha1-URHJ86NeTCQP+fVJGjKlmWTopOM="
    }
  }
}
